
Microsoft Visual Studio Solution File, Format Version 12.00
# Visual Studio 15
VisualStudioVersion = 15.0.27130.2027
MinimumVisualStudioVersion = 10.0.40219.1
Project("{FAE04EC0-301F-11D3-BF4B-00C04F79EFBC}") = "getstart_serilog", "getstart_serilog.csproj", "{09187D70-F3CE-491A-9928-0E6462B78880}"
EndProject
Global
	GlobalSection(SolutionConfigurationPlatforms) = preSolution
		Debug|Any CPU = Debug|Any CPU
		Release|Any CPU = Release|Any CPU
	EndGlobalSection
	GlobalSection(ProjectConfigurationPlatforms) = postSolution
		{09187D70-F3CE-491A-9928-0E6462B78880}.Debug|Any CPU.ActiveCfg = Debug|Any CPU
		{09187D70-F3CE-491A-9928-0E6462B78880}.Debug|Any CPU.Build.0 = Debug|Any CPU
		{09187D70-F3CE-491A-9928-0E6462B78880}.Release|Any CPU.ActiveCfg = Release|Any CPU
		{09187D70-F3CE-491A-9928-0E6462B78880}.Release|Any CPU.Build.0 = Release|Any CPU
	EndGlobalSection
	GlobalSection(SolutionProperties) = preSolution
		HideSolutionNode = FALSE
	EndGlobalSection
	GlobalSection(ExtensibilityGlobals) = postSolution
		SolutionGuid = {E4534EBB-E88B-4EB9-99A4-0B6C80454BEF}
	EndGlobalSection
EndGlobal
